
Microsoft Visual Studio Solution File, Format Version 12.00
# Visual Studio Version 17
VisualStudioVersion = 17.14.36518.9 d17.14
MinimumVisualStudioVersion = 10.0.40219.1
Project("{FAE04EC0-301F-11D3-BF4B-00C04F79EFBC}") = "FallingCubesMaui", "FallingCubesMaui\FallingCubesMaui.csproj", "{C755C450-AE83-4D1B-B8D8-359E4DEB2D46}"
EndProject
Global
	GlobalSection(SolutionConfigurationPlatforms) = preSolution
		Debug|Any CPU = Debug|Any CPU
		Release|Any CPU = Release|Any CPU
	EndGlobalSection
	GlobalSection(ProjectConfigurationPlatforms) = postSolution
		{C755C450-AE83-4D1B-B8D8-359E4DEB2D46}.Debug|Any CPU.ActiveCfg = Debug|Any CPU
		{C755C450-AE83-4D1B-B8D8-359E4DEB2D46}.Debug|Any CPU.Build.0 = Debug|Any CPU
		{C755C450-AE83-4D1B-B8D8-359E4DEB2D46}.Release|Any CPU.ActiveCfg = Release|Any CPU
		{C755C450-AE83-4D1B-B8D8-359E4DEB2D46}.Release|Any CPU.Build.0 = Release|Any CPU
	EndGlobalSection
	GlobalSection(SolutionProperties) = preSolution
		HideSolutionNode = FALSE
	EndGlobalSection
	GlobalSection(ExtensibilityGlobals) = postSolution
		SolutionGuid = {04399BB0-9C30-495A-88FB-9F288E02CC33}
	EndGlobalSection
EndGlobal
